
Microsoft Visual Studio Solution File, Format Version 12.00
# Visual Studio 14
VisualStudioVersion = 14.0.25420.1
MinimumVisualStudioVersion = 10.0.40219.1
Project("{D954291E-2A0B-460D-934E-DC6B0785DB48}") = "Anaximander.Linq.Shared", "Anaximander.Linq.Shared\Anaximander.Linq.Shared.shproj", "{96E903E6-22A0-4C12-8807-C7088EEFD985}"
EndProject
Project("{FAE04EC0-301F-11D3-BF4B-00C04F79EFBC}") = "Anaximander.Linq", "Anaximander.Linq\Anaximander.Linq.csproj", "{4B24613B-663D-461C-8B70-AAA901B59F65}"
EndProject
Project("{2150E333-8FDC-42A3-9474-1A3956D46DE8}") = "Library", "Library", "{58A99285-4C92-4FA1-AE6A-9E5B8F87E743}"
EndProject
Project("{2150E333-8FDC-42A3-9474-1A3956D46DE8}") = "Tests", "Tests", "{0FA74F5A-80A2-4D7A-B6EE-667B7F6115F9}"
EndProject
Project("{FAE04EC0-301F-11D3-BF4B-00C04F79EFBC}") = "Anaximander.Linq.Tests", "Anaximander.Linq.Tests\Anaximander.Linq.Tests.csproj", "{0A7ABDE9-BC1D-486A-97CF-9C1418581916}"
EndProject
Global
	GlobalSection(SharedMSBuildProjectFiles) = preSolution
		Anaximander.Linq.Shared\Anaximander.Linq.Shared.projitems*{4b24613b-663d-461c-8b70-aaa901b59f65}*SharedItemsImports = 4
		Anaximander.Linq.Shared\Anaximander.Linq.Shared.projitems*{96e903e6-22a0-4c12-8807-c7088eefd985}*SharedItemsImports = 13
	EndGlobalSection
	GlobalSection(SolutionConfigurationPlatforms) = preSolution
		Debug|Any CPU = Debug|Any CPU
		Release|Any CPU = Release|Any CPU
	EndGlobalSection
	GlobalSection(ProjectConfigurationPlatforms) = postSolution
		{4B24613B-663D-461C-8B70-AAA901B59F65}.Debug|Any CPU.ActiveCfg = Debug|Any CPU
		{4B24613B-663D-461C-8B70-AAA901B59F65}.Debug|Any CPU.Build.0 = Debug|Any CPU
		{4B24613B-663D-461C-8B70-AAA901B59F65}.Release|Any CPU.ActiveCfg = Release|Any CPU
		{4B24613B-663D-461C-8B70-AAA901B59F65}.Release|Any CPU.Build.0 = Release|Any CPU
		{0A7ABDE9-BC1D-486A-97CF-9C1418581916}.Debug|Any CPU.ActiveCfg = Debug|Any CPU
		{0A7ABDE9-BC1D-486A-97CF-9C1418581916}.Debug|Any CPU.Build.0 = Debug|Any CPU
		{0A7ABDE9-BC1D-486A-97CF-9C1418581916}.Release|Any CPU.ActiveCfg = Release|Any CPU
		{0A7ABDE9-BC1D-486A-97CF-9C1418581916}.Release|Any CPU.Build.0 = Release|Any CPU
	EndGlobalSection
	GlobalSection(SolutionProperties) = preSolution
		HideSolutionNode = FALSE
	EndGlobalSection
	GlobalSection(NestedProjects) = preSolution
		{96E903E6-22A0-4C12-8807-C7088EEFD985} = {58A99285-4C92-4FA1-AE6A-9E5B8F87E743}
		{4B24613B-663D-461C-8B70-AAA901B59F65} = {58A99285-4C92-4FA1-AE6A-9E5B8F87E743}
		{0A7ABDE9-BC1D-486A-97CF-9C1418581916} = {0FA74F5A-80A2-4D7A-B6EE-667B7F6115F9}
	EndGlobalSection
EndGlobal
